
Microsoft Visual Studio Solution File, Format Version 12.00
# Visual Studio Version 17
VisualStudioVersion = 17.9.34622.214
MinimumVisualStudioVersion = 10.0.40219.1
Project("{FAE04EC0-301F-11D3-BF4B-00C04F79EFBC}") = "Webproje1", "Webproje1\Webproje1.csproj", "{AE76DE79-AB91-4C37-A794-794900670AF0}"
EndProject
Global
	GlobalSection(SolutionConfigurationPlatforms) = preSolution
		Debug|Any CPU = Debug|Any CPU
		Release|Any CPU = Release|Any CPU
	EndGlobalSection
	GlobalSection(ProjectConfigurationPlatforms) = postSolution
		{AE76DE79-AB91-4C37-A794-794900670AF0}.Debug|Any CPU.ActiveCfg = Debug|Any CPU
		{AE76DE79-AB91-4C37-A794-794900670AF0}.Debug|Any CPU.Build.0 = Debug|Any CPU
		{AE76DE79-AB91-4C37-A794-794900670AF0}.Release|Any CPU.ActiveCfg = Release|Any CPU
		{AE76DE79-AB91-4C37-A794-794900670AF0}.Release|Any CPU.Build.0 = Release|Any CPU
	EndGlobalSection
	GlobalSection(SolutionProperties) = preSolution
		HideSolutionNode = FALSE
	EndGlobalSection
	GlobalSection(ExtensibilityGlobals) = postSolution
		SolutionGuid = {EBBA6387-D027-4452-AFB7-6D80D61E569F}
	EndGlobalSection
EndGlobal
